// !$*UTF8*$!
{
	archiveVersion = 1;
	classes = {
	};
	objectVersion = 56;
	objects = {

/* Begin PBXBuildFile section */
		849CAB1A293AED400024BF1B /* ContentView.swift in Sources */ = {isa = PBXBuildFile; fileRef = 849CAB19293AED400024BF1B /* ContentView.swift */; };
		849CAB1C293AED400024BF1B /* Assets.xcassets in Resources */ = {isa = PBXBuildFile; fileRef = 849CAB1B293AED400024BF1B /* Assets.xcassets */; };
		849CAB1F293AED400024BF1B /* Preview Assets.xcassets in Resources */ = {isa = PBXBuildFile; fileRef = 849CAB1E293AED400024BF1B /* Preview Assets.xcassets */; };
		849CAB29293AED400024BF1B /* FitzTVTests.swift in Sources */ = {isa = PBXBuildFile; fileRef = 849CAB28293AED400024BF1B /* FitzTVTests.swift */; };
		849CAB33293AED400024BF1B /* FitzTVUITests.swift in Sources */ = {isa = PBXBuildFile; fileRef = 849CAB32293AED400024BF1B /* FitzTVUITests.swift */; };
		849CAB35293AED400024BF1B /* FitzTVUITestsLaunchTests.swift in Sources */ = {isa = PBXBuildFile; fileRef = 849CAB34293AED400024BF1B /* FitzTVUITestsLaunchTests.swift */; };
		849CAB43293AF8C10024BF1B /* Models.swift in Sources */ = {isa = PBXBuildFile; fileRef = 849CAB42293AF8C10024BF1B /* Models.swift */; };
		849CAB45293AFC7D0024BF1B /* URLSession+Request.swift in Sources */ = {isa = PBXBuildFile; fileRef = 849CAB44293AFC7D0024BF1B /* URLSession+Request.swift */; };
		849CAB47293B80E30024BF1B /* EndpointTests.swift in Sources */ = {isa = PBXBuildFile; fileRef = 849CAB46293B80E30024BF1B /* EndpointTests.swift */; };
		849CAB48293B810C0024BF1B /* URLSession+Request.swift in Sources */ = {isa = PBXBuildFile; fileRef = 849CAB44293AFC7D0024BF1B /* URLSession+Request.swift */; };
		849CAB4B293B84920024BF1B /* shows.json in Resources */ = {isa = PBXBuildFile; fileRef = 849CAB4A293B84920024BF1B /* shows.json */; };
		849CAB4D293B84E80024BF1B /* search.json in Resources */ = {isa = PBXBuildFile; fileRef = 849CAB4C293B84E80024BF1B /* search.json */; };
		849CAB4F293B852E0024BF1B /* episodes.json in Resources */ = {isa = PBXBuildFile; fileRef = 849CAB4E293B852E0024BF1B /* episodes.json */; };
		849CAB52293B85B30024BF1B /* Models.swift in Sources */ = {isa = PBXBuildFile; fileRef = 849CAB42293AF8C10024BF1B /* Models.swift */; };
		849CAB55293B864C0024BF1B /* Mocker in Frameworks */ = {isa = PBXBuildFile; productRef = 849CAB54293B864C0024BF1B /* Mocker */; };
		849CAB57293B865E0024BF1B /* MockedRequestData.swift in Sources */ = {isa = PBXBuildFile; fileRef = 849CAB56293B865E0024BF1B /* MockedRequestData.swift */; };
		849CAB59293B86A40024BF1B /* empty.json in Resources */ = {isa = PBXBuildFile; fileRef = 849CAB58293B86A40024BF1B /* empty.json */; };
		849CAB5B293B86BC0024BF1B /* malformed.json in Resources */ = {isa = PBXBuildFile; fileRef = 849CAB5A293B86BC0024BF1B /* malformed.json */; };
		849CAB5D293B87430024BF1B /* EndpointRequestTests.swift in Sources */ = {isa = PBXBuildFile; fileRef = 849CAB5C293B87430024BF1B /* EndpointRequestTests.swift */; };
		849CAB66293C1A380024BF1B /* ShowRepository.swift in Sources */ = {isa = PBXBuildFile; fileRef = 849CAB65293C1A380024BF1B /* ShowRepository.swift */; };
		849CAB68293C1C9D0024BF1B /* APIService.swift in Sources */ = {isa = PBXBuildFile; fileRef = 849CAB67293C1C9D0024BF1B /* APIService.swift */; };
		849CAB6A293C28BB0024BF1B /* ShowsListView.swift in Sources */ = {isa = PBXBuildFile; fileRef = 849CAB69293C28BB0024BF1B /* ShowsListView.swift */; };
		849CAB6C293C28E70024BF1B /* SearchField.swift in Sources */ = {isa = PBXBuildFile; fileRef = 849CAB6B293C28E70024BF1B /* SearchField.swift */; };
		849CAB6E293C29990024BF1B /* ShowListViewModel.swift in Sources */ = {isa = PBXBuildFile; fileRef = 849CAB6D293C29990024BF1B /* ShowListViewModel.swift */; };
		849CAB71293C2D330024BF1B /* ErrorView.swift in Sources */ = {isa = PBXBuildFile; fileRef = 849CAB70293C2D330024BF1B /* ErrorView.swift */; };
		849CAB73293C2FC70024BF1B /* ActivityIndicator.swift in Sources */ = {isa = PBXBuildFile; fileRef = 849CAB72293C2FC70024BF1B /* ActivityIndicator.swift */; };
		849CAB75293C30200024BF1B /* ShowRowView.swift in Sources */ = {isa = PBXBuildFile; fileRef = 849CAB74293C30200024BF1B /* ShowRowView.swift */; };
		849CAB7B293C333B0024BF1B /* SearchViewModel.swift in Sources */ = {isa = PBXBuildFile; fileRef = 849CAB7A293C333B0024BF1B /* SearchViewModel.swift */; };
		849CAB7D293C340A0024BF1B /* SearchView.swift in Sources */ = {isa = PBXBuildFile; fileRef = 849CAB7C293C340A0024BF1B /* SearchView.swift */; };
		849CAB80293C37C70024BF1B /* Nuke in Frameworks */ = {isa = PBXBuildFile; productRef = 849CAB7F293C37C70024BF1B /* Nuke */; };
		849CAB82293C37C70024BF1B /* NukeUI in Frameworks */ = {isa = PBXBuildFile; productRef = 849CAB81293C37C70024BF1B /* NukeUI */; };
		849CAB86293CCAFA0024BF1B /* SettingsView.swift in Sources */ = {isa = PBXBuildFile; fileRef = 849CAB85293CCAFA0024BF1B /* SettingsView.swift */; };
		849CAB88293CCB0E0024BF1B /* FavoritesView.swift in Sources */ = {isa = PBXBuildFile; fileRef = 849CAB87293CCB0E0024BF1B /* FavoritesView.swift */; };
		849CAB8A293CCDD80024BF1B /* ShowDetailView.swift in Sources */ = {isa = PBXBuildFile; fileRef = 849CAB89293CCDD80024BF1B /* ShowDetailView.swift */; };
		849CAB8C293CCE530024BF1B /* ShowDetailViewModel.swift in Sources */ = {isa = PBXBuildFile; fileRef = 849CAB8B293CCE530024BF1B /* ShowDetailViewModel.swift */; };
		849CAB8E293CCE610024BF1B /* EpisodeDetailView.swift in Sources */ = {isa = PBXBuildFile; fileRef = 849CAB8D293CCE610024BF1B /* EpisodeDetailView.swift */; };
		849CAB90293CCE6E0024BF1B /* EpisodeDetailViewModel.swift in Sources */ = {isa = PBXBuildFile; fileRef = 849CAB8F293CCE6E0024BF1B /* EpisodeDetailViewModel.swift */; };
		849CAB92293E30EA0024BF1B /* EpisodeRowView.swift in Sources */ = {isa = PBXBuildFile; fileRef = 849CAB91293E30EA0024BF1B /* EpisodeRowView.swift */; };
		849CAB94293E698C0024BF1B /* PasscodeField.swift in Sources */ = {isa = PBXBuildFile; fileRef = 849CAB93293E698C0024BF1B /* PasscodeField.swift */; };
		849CAB97293EC0720024BF1B /* Realm in Frameworks */ = {isa = PBXBuildFile; productRef = 849CAB96293EC0720024BF1B /* Realm */; };
		849CAB99293EC0720024BF1B /* RealmSwift in Frameworks */ = {isa = PBXBuildFile; productRef = 849CAB98293EC0720024BF1B /* RealmSwift */; };
		849CAB9B293EC0980024BF1B /* FavoritesRepository.swift in Sources */ = {isa = PBXBuildFile; fileRef = 849CAB9A293EC0980024BF1B /* FavoritesRepository.swift */; };
		849CAB9F293EC2990024BF1B /* StorableModels.swift in Sources */ = {isa = PBXBuildFile; fileRef = 849CAB9E293EC2990024BF1B /* StorableModels.swift */; };
		849CABA1293ED12A0024BF1B /* ModelProtocols.swift in Sources */ = {isa = PBXBuildFile; fileRef = 849CABA0293ED12A0024BF1B /* ModelProtocols.swift */; };
		849CABA3293ED15C0024BF1B /* RealmRepository.swift in Sources */ = {isa = PBXBuildFile; fileRef = 849CABA2293ED15C0024BF1B /* RealmRepository.swift */; };
		849CABA5293ED1DE0024BF1B /* Model+Extension.swift in Sources */ = {isa = PBXBuildFile; fileRef = 849CABA4293ED1DE0024BF1B /* Model+Extension.swift */; };
		849CABA7293ED6A40024BF1B /* FavoritesViewModel.swift in Sources */ = {isa = PBXBuildFile; fileRef = 849CABA6293ED6A40024BF1B /* FavoritesViewModel.swift */; };
		849CABA9293ED97E0024BF1B /* FavoriteButton.swift in Sources */ = {isa = PBXBuildFile; fileRef = 849CABA8293ED97E0024BF1B /* FavoriteButton.swift */; };
		849CABAB293EEAD80024BF1B /* CollapsibleText.swift in Sources */ = {isa = PBXBuildFile; fileRef = 849CABAA293EEAD80024BF1B /* CollapsibleText.swift */; };
		849CABAE293F670A0024BF1B /* BiometricHelper.swift in Sources */ = {isa = PBXBuildFile; fileRef = 849CABAD293F670A0024BF1B /* BiometricHelper.swift */; };
		849CABB3293F67450024BF1B /* BiometricLockView.swift in Sources */ = {isa = PBXBuildFile; fileRef = 849CABB2293F67450024BF1B /* BiometricLockView.swift */; };
		849CABB5293F67530024BF1B /* BiometricViewModel.swift in Sources */ = {isa = PBXBuildFile; fileRef = 849CABB4293F67530024BF1B /* BiometricViewModel.swift */; };
		849CABB7293F67600024BF1B /* BiometricToggleView.swift in Sources */ = {isa = PBXBuildFile; fileRef = 849CABB6293F67600024BF1B /* BiometricToggleView.swift */; };
		849CABB9293F691A0024BF1B /* SceneDelegate.swift in Sources */ = {isa = PBXBuildFile; fileRef = 849CABB8293F691A0024BF1B /* SceneDelegate.swift */; };
		849CABBC293F6E120024BF1B /* Valet in Frameworks */ = {isa = PBXBuildFile; productRef = 849CABBB293F6E120024BF1B /* Valet */; };
		849CABBE293F6E910024BF1B /* ValetKeys.swift in Sources */ = {isa = PBXBuildFile; fileRef = 849CABBD293F6E910024BF1B /* ValetKeys.swift */; };
		849CABC1293F70470024BF1B /* AppDelegate.swift in Sources */ = {isa = PBXBuildFile; fileRef = 849CABC0293F70470024BF1B /* AppDelegate.swift */; };
		849CABC3293F763D0024BF1B /* README.md in Resources */ = {isa = PBXBuildFile; fileRef = 849CABC2293F763D0024BF1B /* README.md */; };
/* End PBXBuildFile section */

/* Begin PBXContainerItemProxy section */
		849CAB25293AED400024BF1B /* PBXContainerItemProxy */ = {
			isa = PBXContainerItemProxy;
			containerPortal = 849CAB0C293AED400024BF1B /* Project object */;
			proxyType = 1;
			remoteGlobalIDString = 849CAB13293AED400024BF1B;
			remoteInfo = FitzTV;
		};
		849CAB2F293AED400024BF1B /* PBXContainerItemProxy */ = {
			isa = PBXContainerItemProxy;
			containerPortal = 849CAB0C293AED400024BF1B /* Project object */;
			proxyType = 1;
			remoteGlobalIDString = 849CAB13293AED400024BF1B;
			remoteInfo = FitzTV;
		};
/* End PBXContainerItemProxy section */

/* Begin PBXFileReference section */
		849CAB14293AED400024BF1B /* FitzTV.app */ = {isa = PBXFileReference; explicitFileType = wrapper.application; includeInIndex = 0; path = FitzTV.app; sourceTree = BUILT_PRODUCTS_DIR; };
		849CAB19293AED400024BF1B /* ContentView.swift */ = {isa = PBXFileReference; lastKnownFileType = sourcecode.swift; path = ContentView.swift; sourceTree = "<group>"; };
		849CAB1B293AED400024BF1B /* Assets.xcassets */ = {isa = PBXFileReference; lastKnownFileType = folder.assetcatalog; path = Assets.xcassets; sourceTree = "<group>"; };
		849CAB1E293AED400024BF1B /* Preview Assets.xcassets */ = {isa = PBXFileReference; lastKnownFileType = folder.assetcatalog; path = "Preview Assets.xcassets"; sourceTree = "<group>"; };
		849CAB24293AED400024BF1B /* FitzTVTests.xctest */ = {isa = PBXFileReference; explicitFileType = wrapper.cfbundle; includeInIndex = 0; path = FitzTVTests.xctest; sourceTree = BUILT_PRODUCTS_DIR; };
		849CAB28293AED400024BF1B /* FitzTVTests.swift */ = {isa = PBXFileReference; lastKnownFileType = sourcecode.swift; path = FitzTVTests.swift; sourceTree = "<group>"; };
		849CAB2E293AED400024BF1B /* FitzTVUITests.xctest */ = {isa = PBXFileReference; explicitFileType = wrapper.cfbundle; includeInIndex = 0; path = FitzTVUITests.xctest; sourceTree = BUILT_PRODUCTS_DIR; };
		849CAB32293AED400024BF1B /* FitzTVUITests.swift */ = {isa = PBXFileReference; lastKnownFileType = sourcecode.swift; path = FitzTVUITests.swift; sourceTree = "<group>"; };
		849CAB34293AED400024BF1B /* FitzTVUITestsLaunchTests.swift */ = {isa = PBXFileReference; lastKnownFileType = sourcecode.swift; path = FitzTVUITestsLaunchTests.swift; sourceTree = "<group>"; };
		849CAB42293AF8C10024BF1B /* Models.swift */ = {isa = PBXFileReference; lastKnownFileType = sourcecode.swift; path = Models.swift; sourceTree = "<group>"; };
		849CAB44293AFC7D0024BF1B /* URLSession+Request.swift */ = {isa = PBXFileReference; lastKnownFileType = sourcecode.swift; path = "URLSession+Request.swift"; sourceTree = "<group>"; };
		849CAB46293B80E30024BF1B /* EndpointTests.swift */ = {isa = PBXFileReference; lastKnownFileType = sourcecode.swift; path = EndpointTests.swift; sourceTree = "<group>"; };
		849CAB4A293B84920024BF1B /* shows.json */ = {isa = PBXFileReference; lastKnownFileType = text.json; path = shows.json; sourceTree = "<group>"; };
		849CAB4C293B84E80024BF1B /* search.json */ = {isa = PBXFileReference; lastKnownFileType = text.json; path = search.json; sourceTree = "<group>"; };
		849CAB4E293B852E0024BF1B /* episodes.json */ = {isa = PBXFileReference; lastKnownFileType = text.json; path = episodes.json; sourceTree = "<group>"; };
		849CAB56293B865E0024BF1B /* MockedRequestData.swift */ = {isa = PBXFileReference; lastKnownFileType = sourcecode.swift; path = MockedRequestData.swift; sourceTree = "<group>"; };
		849CAB58293B86A40024BF1B /* empty.json */ = {isa = PBXFileReference; lastKnownFileType = text.json; path = empty.json; sourceTree = "<group>"; };
		849CAB5A293B86BC0024BF1B /* malformed.json */ = {isa = PBXFileReference; lastKnownFileType = text.json; path = malformed.json; sourceTree = "<group>"; };
		849CAB5C293B87430024BF1B /* EndpointRequestTests.swift */ = {isa = PBXFileReference; lastKnownFileType = sourcecode.swift; path = EndpointRequestTests.swift; sourceTree = "<group>"; };
		849CAB65293C1A380024BF1B /* ShowRepository.swift */ = {isa = PBXFileReference; lastKnownFileType = sourcecode.swift; path = ShowRepository.swift; sourceTree = "<group>"; };
		849CAB67293C1C9D0024BF1B /* APIService.swift */ = {isa = PBXFileReference; lastKnownFileType = sourcecode.swift; path = APIService.swift; sourceTree = "<group>"; };
		849CAB69293C28BB0024BF1B /* ShowsListView.swift */ = {isa = PBXFileReference; lastKnownFileType = sourcecode.swift; path = ShowsListView.swift; sourceTree = "<group>"; };
		849CAB6B293C28E70024BF1B /* SearchField.swift */ = {isa = PBXFileReference; lastKnownFileType = sourcecode.swift; path = SearchField.swift; sourceTree = "<group>"; };
		849CAB6D293C29990024BF1B /* ShowListViewModel.swift */ = {isa = PBXFileReference; lastKnownFileType = sourcecode.swift; path = ShowListViewModel.swift; sourceTree = "<group>"; };
		849CAB70293C2D330024BF1B /* ErrorView.swift */ = {isa = PBXFileReference; lastKnownFileType = sourcecode.swift; path = ErrorView.swift; sourceTree = "<group>"; };
		849CAB72293C2FC70024BF1B /* ActivityIndicator.swift */ = {isa = PBXFileReference; lastKnownFileType = sourcecode.swift; path = ActivityIndicator.swift; sourceTree = "<group>"; };
		849CAB74293C30200024BF1B /* ShowRowView.swift */ = {isa = PBXFileReference; lastKnownFileType = sourcecode.swift; path = ShowRowView.swift; sourceTree = "<group>"; };
		849CAB7A293C333B0024BF1B /* SearchViewModel.swift */ = {isa = PBXFileReference; fileEncoding = 4; lastKnownFileType = sourcecode.swift; path = SearchViewModel.swift; sourceTree = "<group>"; };
		849CAB7C293C340A0024BF1B /* SearchView.swift */ = {isa = PBXFileReference; fileEncoding = 4; lastKnownFileType = sourcecode.swift; path = SearchView.swift; sourceTree = "<group>"; };
		849CAB85293CCAFA0024BF1B /* SettingsView.swift */ = {isa = PBXFileReference; lastKnownFileType = sourcecode.swift; path = SettingsView.swift; sourceTree = "<group>"; };
		849CAB87293CCB0E0024BF1B /* FavoritesView.swift */ = {isa = PBXFileReference; lastKnownFileType = sourcecode.swift; path = FavoritesView.swift; sourceTree = "<group>"; };
		849CAB89293CCDD80024BF1B /* ShowDetailView.swift */ = {isa = PBXFileReference; lastKnownFileType = sourcecode.swift; path = ShowDetailView.swift; sourceTree = "<group>"; };
		849CAB8B293CCE530024BF1B /* ShowDetailViewModel.swift */ = {isa = PBXFileReference; lastKnownFileType = sourcecode.swift; path = ShowDetailViewModel.swift; sourceTree = "<group>"; };
		849CAB8D293CCE610024BF1B /* EpisodeDetailView.swift */ = {isa = PBXFileReference; lastKnownFileType = sourcecode.swift; path = EpisodeDetailView.swift; sourceTree = "<group>"; };
		849CAB8F293CCE6E0024BF1B /* EpisodeDetailViewModel.swift */ = {isa = PBXFileReference; lastKnownFileType = sourcecode.swift; path = EpisodeDetailViewModel.swift; sourceTree = "<group>"; };
		849CAB91293E30EA0024BF1B /* EpisodeRowView.swift */ = {isa = PBXFileReference; fileEncoding = 4; lastKnownFileType = sourcecode.swift; path = EpisodeRowView.swift; sourceTree = "<group>"; };
		849CAB93293E698C0024BF1B /* PasscodeField.swift */ = {isa = PBXFileReference; lastKnownFileType = sourcecode.swift; path = PasscodeField.swift; sourceTree = "<group>"; };
		849CAB9A293EC0980024BF1B /* FavoritesRepository.swift */ = {isa = PBXFileReference; fileEncoding = 4; lastKnownFileType = sourcecode.swift; path = FavoritesRepository.swift; sourceTree = "<group>"; };
		849CAB9E293EC2990024BF1B /* StorableModels.swift */ = {isa = PBXFileReference; fileEncoding = 4; lastKnownFileType = sourcecode.swift; path = StorableModels.swift; sourceTree = "<group>"; };
		849CABA0293ED12A0024BF1B /* ModelProtocols.swift */ = {isa = PBXFileReference; lastKnownFileType = sourcecode.swift; path = ModelProtocols.swift; sourceTree = "<group>"; };
		849CABA2293ED15C0024BF1B /* RealmRepository.swift */ = {isa = PBXFileReference; lastKnownFileType = sourcecode.swift; path = RealmRepository.swift; sourceTree = "<group>"; };
		849CABA4293ED1DE0024BF1B /* Model+Extension.swift */ = {isa = PBXFileReference; lastKnownFileType = sourcecode.swift; path = "Model+Extension.swift"; sourceTree = "<group>"; };
		849CABA6293ED6A40024BF1B /* FavoritesViewModel.swift */ = {isa = PBXFileReference; fileEncoding = 4; lastKnownFileType = sourcecode.swift; path = FavoritesViewModel.swift; sourceTree = "<group>"; };
		849CABA8293ED97E0024BF1B /* FavoriteButton.swift */ = {isa = PBXFileReference; lastKnownFileType = sourcecode.swift; path = FavoriteButton.swift; sourceTree = "<group>"; };
		849CABAA293EEAD80024BF1B /* CollapsibleText.swift */ = {isa = PBXFileReference; lastKnownFileType = sourcecode.swift; path = CollapsibleText.swift; sourceTree = "<group>"; };
		849CABAD293F670A0024BF1B /* BiometricHelper.swift */ = {isa = PBXFileReference; lastKnownFileType = sourcecode.swift; path = BiometricHelper.swift; sourceTree = "<group>"; };
		849CABB2293F67450024BF1B /* BiometricLockView.swift */ = {isa = PBXFileReference; lastKnownFileType = sourcecode.swift; path = BiometricLockView.swift; sourceTree = "<group>"; };
		849CABB4293F67530024BF1B /* BiometricViewModel.swift */ = {isa = PBXFileReference; lastKnownFileType = sourcecode.swift; path = BiometricViewModel.swift; sourceTree = "<group>"; };
		849CABB6293F67600024BF1B /* BiometricToggleView.swift */ = {isa = PBXFileReference; lastKnownFileType = sourcecode.swift; path = BiometricToggleView.swift; sourceTree = "<group>"; };
		849CABB8293F691A0024BF1B /* SceneDelegate.swift */ = {isa = PBXFileReference; lastKnownFileType = sourcecode.swift; path = SceneDelegate.swift; sourceTree = "<group>"; };
		849CABBD293F6E910024BF1B /* ValetKeys.swift */ = {isa = PBXFileReference; lastKnownFileType = sourcecode.swift; path = ValetKeys.swift; sourceTree = "<group>"; };
		849CABBF293F6F800024BF1B /* Info.plist */ = {isa = PBXFileReference; lastKnownFileType = text.plist; path = Info.plist; sourceTree = "<group>"; };
		849CABC0293F70470024BF1B /* AppDelegate.swift */ = {isa = PBXFileReference; lastKnownFileType = sourcecode.swift; path = AppDelegate.swift; sourceTree = "<group>"; };
		849CABC2293F763D0024BF1B /* README.md */ = {isa = PBXFileReference; fileEncoding = 4; lastKnownFileType = net.daringfireball.markdown; path = README.md; sourceTree = "<group>"; };
/* End PBXFileReference section */

/* Begin PBXFrameworksBuildPhase section */
		849CAB11293AED400024BF1B /* Frameworks */ = {
			isa = PBXFrameworksBuildPhase;
			buildActionMask = 2147483647;
			files = (
				849CAB82293C37C70024BF1B /* NukeUI in Frameworks */,
				849CAB55293B864C0024BF1B /* Mocker in Frameworks */,
				849CAB97293EC0720024BF1B /* Realm in Frameworks */,
				849CABBC293F6E120024BF1B /* Valet in Frameworks */,
				849CAB99293EC0720024BF1B /* RealmSwift in Frameworks */,
				849CAB80293C37C70024BF1B /* Nuke in Frameworks */,
			);
			runOnlyForDeploymentPostprocessing = 0;
		};
		849CAB21293AED400024BF1B /* Frameworks */ = {
			isa = PBXFrameworksBuildPhase;
			buildActionMask = 2147483647;
			files = (
			);
			runOnlyForDeploymentPostprocessing = 0;
		};
		849CAB2B293AED400024BF1B /* Frameworks */ = {
			isa = PBXFrameworksBuildPhase;
			buildActionMask = 2147483647;
			files = (
			);
			runOnlyForDeploymentPostprocessing = 0;
		};
/* End PBXFrameworksBuildPhase section */

/* Begin PBXGroup section */
		849CAB0B293AED400024BF1B = {
			isa = PBXGroup;
			children = (
				849CABC2293F763D0024BF1B /* README.md */,
				849CAB16293AED400024BF1B /* FitzTV */,
				849CAB27293AED400024BF1B /* FitzTVTests */,
				849CAB31293AED400024BF1B /* FitzTVUITests */,
				849CAB15293AED400024BF1B /* Products */,
			);
			sourceTree = "<group>";
		};
		849CAB15293AED400024BF1B /* Products */ = {
			isa = PBXGroup;
			children = (
				849CAB14293AED400024BF1B /* FitzTV.app */,
				849CAB24293AED400024BF1B /* FitzTVTests.xctest */,
				849CAB2E293AED400024BF1B /* FitzTVUITests.xctest */,
			);
			name = Products;
			sourceTree = "<group>";
		};
		849CAB16293AED400024BF1B /* FitzTV */ = {
			isa = PBXGroup;
			children = (
				849CABBF293F6F800024BF1B /* Info.plist */,
				849CAB62293C19BB0024BF1B /* Data */,
				849CAB61293C18D40024BF1B /* Modules */,
				849CAB6F293C2D1F0024BF1B /* ViewComponents */,
				849CABAC293F66F70024BF1B /* Helpers */,
				849CAB19293AED400024BF1B /* ContentView.swift */,
				849CAB1B293AED400024BF1B /* Assets.xcassets */,
				849CAB1D293AED400024BF1B /* Preview Content */,
				849CABB8293F691A0024BF1B /* SceneDelegate.swift */,
				849CABC0293F70470024BF1B /* AppDelegate.swift */,
			);
			path = FitzTV;
			sourceTree = "<group>";
		};
		849CAB1D293AED400024BF1B /* Preview Content */ = {
			isa = PBXGroup;
			children = (
				849CAB1E293AED400024BF1B /* Preview Assets.xcassets */,
			);
			path = "Preview Content";
			sourceTree = "<group>";
		};
		849CAB27293AED400024BF1B /* FitzTVTests */ = {
			isa = PBXGroup;
			children = (
				849CAB49293B84730024BF1B /* MockResources */,
				849CAB28293AED400024BF1B /* FitzTVTests.swift */,
				849CAB46293B80E30024BF1B /* EndpointTests.swift */,
				849CAB5C293B87430024BF1B /* EndpointRequestTests.swift */,
			);
			path = FitzTVTests;
			sourceTree = "<group>";
		};
		849CAB31293AED400024BF1B /* FitzTVUITests */ = {
			isa = PBXGroup;
			children = (
				849CAB32293AED400024BF1B /* FitzTVUITests.swift */,
				849CAB34293AED400024BF1B /* FitzTVUITestsLaunchTests.swift */,
			);
			path = FitzTVUITests;
			sourceTree = "<group>";
		};
		849CAB49293B84730024BF1B /* MockResources */ = {
			isa = PBXGroup;
			children = (
				849CAB56293B865E0024BF1B /* MockedRequestData.swift */,
				849CAB4A293B84920024BF1B /* shows.json */,
				849CAB4C293B84E80024BF1B /* search.json */,
				849CAB4E293B852E0024BF1B /* episodes.json */,
				849CAB58293B86A40024BF1B /* empty.json */,
				849CAB5A293B86BC0024BF1B /* malformed.json */,
			);
			path = MockResources;
			sourceTree = "<group>";
		};
		849CAB5E293C18350024BF1B /* ShowDetails */ = {
			isa = PBXGroup;
			children = (
				849CAB89293CCDD80024BF1B /* ShowDetailView.swift */,
				849CAB8B293CCE530024BF1B /* ShowDetailViewModel.swift */,
			);
			path = ShowDetails;
			sourceTree = "<group>";
		};
		849CAB5F293C18510024BF1B /* Shows */ = {
			isa = PBXGroup;
			children = (
				849CAB69293C28BB0024BF1B /* ShowsListView.swift */,
				849CAB6D293C29990024BF1B /* ShowListViewModel.swift */,
			);
			path = Shows;
			sourceTree = "<group>";
		};
		849CAB60293C185D0024BF1B /* EpisodeDetails */ = {
			isa = PBXGroup;
			children = (
				849CAB8D293CCE610024BF1B /* EpisodeDetailView.swift */,
				849CAB8F293CCE6E0024BF1B /* EpisodeDetailViewModel.swift */,
			);
			path = EpisodeDetails;
			sourceTree = "<group>";
		};
		849CAB61293C18D40024BF1B /* Modules */ = {
			isa = PBXGroup;
			children = (
				849CABB1293F67330024BF1B /* Biometric */,
				849CAB84293CCAB40024BF1B /* Settings */,
				849CAB83293CCAAC0024BF1B /* Favorites */,
				849CAB79293C332B0024BF1B /* Search */,
				849CAB5F293C18510024BF1B /* Shows */,
				849CAB5E293C18350024BF1B /* ShowDetails */,
				849CAB60293C185D0024BF1B /* EpisodeDetails */,
			);
			path = Modules;
			sourceTree = "<group>";
		};
		849CAB62293C19BB0024BF1B /* Data */ = {
			isa = PBXGroup;
			children = (
				849CAB9D293EC2640024BF1B /* Models */,
				849CAB9C293EC09D0024BF1B /* Local */,
				849CAB64293C19E20024BF1B /* Remote */,
				849CAB63293C19DA0024BF1B /* Repository */,
			);
			path = Data;
			sourceTree = "<group>";
		};
		849CAB63293C19DA0024BF1B /* Repository */ = {
			isa = PBXGroup;
			children = (
				849CAB65293C1A380024BF1B /* ShowRepository.swift */,
				849CAB9A293EC0980024BF1B /* FavoritesRepository.swift */,
			);
			path = Repository;
			sourceTree = "<group>";
		};
		849CAB64293C19E20024BF1B /* Remote */ = {
			isa = PBXGroup;
			children = (
				849CAB44293AFC7D0024BF1B /* URLSession+Request.swift */,
				849CAB67293C1C9D0024BF1B /* APIService.swift */,
			);
			path = Remote;
			sourceTree = "<group>";
		};
		849CAB6F293C2D1F0024BF1B /* ViewComponents */ = {
			isa = PBXGroup;
			children = (
				849CAB6B293C28E70024BF1B /* SearchField.swift */,
				849CAB70293C2D330024BF1B /* ErrorView.swift */,
				849CAB72293C2FC70024BF1B /* ActivityIndicator.swift */,
				849CAB74293C30200024BF1B /* ShowRowView.swift */,
				849CAB91293E30EA0024BF1B /* EpisodeRowView.swift */,
				849CAB93293E698C0024BF1B /* PasscodeField.swift */,
				849CABA8293ED97E0024BF1B /* FavoriteButton.swift */,
				849CABAA293EEAD80024BF1B /* CollapsibleText.swift */,
			);
			path = ViewComponents;
			sourceTree = "<group>";
		};
		849CAB79293C332B0024BF1B /* Search */ = {
			isa = PBXGroup;
			children = (
				849CAB7C293C340A0024BF1B /* SearchView.swift */,
				849CAB7A293C333B0024BF1B /* SearchViewModel.swift */,
			);
			path = Search;
			sourceTree = "<group>";
		};
		849CAB83293CCAAC0024BF1B /* Favorites */ = {
			isa = PBXGroup;
			children = (
				849CAB87293CCB0E0024BF1B /* FavoritesView.swift */,
				849CABA6293ED6A40024BF1B /* FavoritesViewModel.swift */,
			);
			path = Favorites;
			sourceTree = "<group>";
		};
		849CAB84293CCAB40024BF1B /* Settings */ = {
			isa = PBXGroup;
			children = (
				849CAB85293CCAFA0024BF1B /* SettingsView.swift */,
			);
			path = Settings;
			sourceTree = "<group>";
		};
		849CAB9C293EC09D0024BF1B /* Local */ = {
			isa = PBXGroup;
			children = (
				849CABA2293ED15C0024BF1B /* RealmRepository.swift */,
			);
			path = Local;
			sourceTree = "<group>";
		};
		849CAB9D293EC2640024BF1B /* Models */ = {
			isa = PBXGroup;
			children = (
				849CAB42293AF8C10024BF1B /* Models.swift */,
				849CAB9E293EC2990024BF1B /* StorableModels.swift */,
				849CABA0293ED12A0024BF1B /* ModelProtocols.swift */,
				849CABA4293ED1DE0024BF1B /* Model+Extension.swift */,
			);
			path = Models;
			sourceTree = "<group>";
		};
		849CABAC293F66F70024BF1B /* Helpers */ = {
			isa = PBXGroup;
			children = (
				849CABAD293F670A0024BF1B /* BiometricHelper.swift */,
				849CABBD293F6E910024BF1B /* ValetKeys.swift */,
			);
			path = Helpers;
			sourceTree = "<group>";
		};
		849CABB1293F67330024BF1B /* Biometric */ = {
			isa = PBXGroup;
			children = (
				849CABB2293F67450024BF1B /* BiometricLockView.swift */,
				849CABB4293F67530024BF1B /* BiometricViewModel.swift */,
				849CABB6293F67600024BF1B /* BiometricToggleView.swift */,
			);
			path = Biometric;
			sourceTree = "<group>";
		};
/* End PBXGroup section */

/* Begin PBXNativeTarget section */
		849CAB13293AED400024BF1B /* FitzTV */ = {
			isa = PBXNativeTarget;
			buildConfigurationList = 849CAB38293AED400024BF1B /* Build configuration list for PBXNativeTarget "FitzTV" */;
			buildPhases = (
				849CAB10293AED400024BF1B /* Sources */,
				849CAB11293AED400024BF1B /* Frameworks */,
				849CAB12293AED400024BF1B /* Resources */,
			);
			buildRules = (
			);
			dependencies = (
			);
			name = FitzTV;
			packageProductDependencies = (
				849CAB54293B864C0024BF1B /* Mocker */,
				849CAB7F293C37C70024BF1B /* Nuke */,
				849CAB81293C37C70024BF1B /* NukeUI */,
				849CAB96293EC0720024BF1B /* Realm */,
				849CAB98293EC0720024BF1B /* RealmSwift */,
				849CABBB293F6E120024BF1B /* Valet */,
			);
			productName = FitzTV;
			productReference = 849CAB14293AED400024BF1B /* FitzTV.app */;
			productType = "com.apple.product-type.application";
		};
		849CAB23293AED400024BF1B /* FitzTVTests */ = {
			isa = PBXNativeTarget;
			buildConfigurationList = 849CAB3B293AED400024BF1B /* Build configuration list for PBXNativeTarget "FitzTVTests" */;
			buildPhases = (
				849CAB20293AED400024BF1B /* Sources */,
				849CAB21293AED400024BF1B /* Frameworks */,
				849CAB22293AED400024BF1B /* Resources */,
			);
			buildRules = (
			);
			dependencies = (
				849CAB26293AED400024BF1B /* PBXTargetDependency */,
			);
			name = FitzTVTests;
			productName = FitzTVTests;
			productReference = 849CAB24293AED400024BF1B /* FitzTVTests.xctest */;
			productType = "com.apple.product-type.bundle.unit-test";
		};
		849CAB2D293AED400024BF1B /* FitzTVUITests */ = {
			isa = PBXNativeTarget;
			buildConfigurationList = 849CAB3E293AED400024BF1B /* Build configuration list for PBXNativeTarget "FitzTVUITests" */;
			buildPhases = (
				849CAB2A293AED400024BF1B /* Sources */,
				849CAB2B293AED400024BF1B /* Frameworks */,
				849CAB2C293AED400024BF1B /* Resources */,
			);
			buildRules = (
			);
			dependencies = (
				849CAB30293AED400024BF1B /* PBXTargetDependency */,
			);
			name = FitzTVUITests;
			productName = FitzTVUITests;
			productReference = 849CAB2E293AED400024BF1B /* FitzTVUITests.xctest */;
			productType = "com.apple.product-type.bundle.ui-testing";
		};
/* End PBXNativeTarget section */

/* Begin PBXProject section */
		849CAB0C293AED400024BF1B /* Project object */ = {
			isa = PBXProject;
			attributes = {
				BuildIndependentTargetsInParallel = 1;
				LastSwiftUpdateCheck = 1400;
				LastUpgradeCheck = 1400;
				TargetAttributes = {
					849CAB13293AED400024BF1B = {
						CreatedOnToolsVersion = 14.0;
					};
					849CAB23293AED400024BF1B = {
						CreatedOnToolsVersion = 14.0;
						TestTargetID = 849CAB13293AED400024BF1B;
					};
					849CAB2D293AED400024BF1B = {
						CreatedOnToolsVersion = 14.0;
						TestTargetID = 849CAB13293AED400024BF1B;
					};
				};
			};
			buildConfigurationList = 849CAB0F293AED400024BF1B /* Build configuration list for PBXProject "FitzTV" */;
			compatibilityVersion = "Xcode 14.0";
			developmentRegion = en;
			hasScannedForEncodings = 0;
			knownRegions = (
				en,
				Base,
			);
			mainGroup = 849CAB0B293AED400024BF1B;
			packageReferences = (
				849CAB53293B864C0024BF1B /* XCRemoteSwiftPackageReference "Mocker" */,
				849CAB7E293C37C70024BF1B /* XCRemoteSwiftPackageReference "Nuke" */,
				849CAB95293EC0720024BF1B /* XCRemoteSwiftPackageReference "realm-swift" */,
				849CABBA293F6E120024BF1B /* XCRemoteSwiftPackageReference "Valet" */,
			);
			productRefGroup = 849CAB15293AED400024BF1B /* Products */;
			projectDirPath = "";
			projectRoot = "";
			targets = (
				849CAB13293AED400024BF1B /* FitzTV */,
				849CAB23293AED400024BF1B /* FitzTVTests */,
				849CAB2D293AED400024BF1B /* FitzTVUITests */,
			);
		};
/* End PBXProject section */

/* Begin PBXResourcesBuildPhase section */
		849CAB12293AED400024BF1B /* Resources */ = {
			isa = PBXResourcesBuildPhase;
			buildActionMask = 2147483647;
			files = (
				849CABC3293F763D0024BF1B /* README.md in Resources */,
				849CAB1F293AED400024BF1B /* Preview Assets.xcassets in Resources */,
				849CAB1C293AED400024BF1B /* Assets.xcassets in Resources */,
			);
			runOnlyForDeploymentPostprocessing = 0;
		};
		849CAB22293AED400024BF1B /* Resources */ = {
			isa = PBXResourcesBuildPhase;
			buildActionMask = 2147483647;
			files = (
				849CAB4F293B852E0024BF1B /* episodes.json in Resources */,
				849CAB59293B86A40024BF1B /* empty.json in Resources */,
				849CAB4D293B84E80024BF1B /* search.json in Resources */,
				849CAB5B293B86BC0024BF1B /* malformed.json in Resources */,
				849CAB4B293B84920024BF1B /* shows.json in Resources */,
			);
			runOnlyForDeploymentPostprocessing = 0;
		};
		849CAB2C293AED400024BF1B /* Resources */ = {
			isa = PBXResourcesBuildPhase;
			buildActionMask = 2147483647;
			files = (
			);
			runOnlyForDeploymentPostprocessing = 0;
		};
/* End PBXResourcesBuildPhase section */

/* Begin PBXSourcesBuildPhase section */
		849CAB10293AED400024BF1B /* Sources */ = {
			isa = PBXSourcesBuildPhase;
			buildActionMask = 2147483647;
			files = (
				849CAB8C293CCE530024BF1B /* ShowDetailViewModel.swift in Sources */,
				849CAB86293CCAFA0024BF1B /* SettingsView.swift in Sources */,
				849CAB75293C30200024BF1B /* ShowRowView.swift in Sources */,
				849CABB5293F67530024BF1B /* BiometricViewModel.swift in Sources */,
				849CAB6E293C29990024BF1B /* ShowListViewModel.swift in Sources */,
				849CAB43293AF8C10024BF1B /* Models.swift in Sources */,
				849CABA3293ED15C0024BF1B /* RealmRepository.swift in Sources */,
				849CABA1293ED12A0024BF1B /* ModelProtocols.swift in Sources */,
				849CAB9B293EC0980024BF1B /* FavoritesRepository.swift in Sources */,
				849CAB1A293AED400024BF1B /* ContentView.swift in Sources */,
				849CABAB293EEAD80024BF1B /* CollapsibleText.swift in Sources */,
				849CABB9293F691A0024BF1B /* SceneDelegate.swift in Sources */,
				849CAB9F293EC2990024BF1B /* StorableModels.swift in Sources */,
				849CABC1293F70470024BF1B /* AppDelegate.swift in Sources */,
				849CAB45293AFC7D0024BF1B /* URLSession+Request.swift in Sources */,
				849CAB8E293CCE610024BF1B /* EpisodeDetailView.swift in Sources */,
				849CABB3293F67450024BF1B /* BiometricLockView.swift in Sources */,
				849CAB92293E30EA0024BF1B /* EpisodeRowView.swift in Sources */,
				849CAB7B293C333B0024BF1B /* SearchViewModel.swift in Sources */,
				849CAB6A293C28BB0024BF1B /* ShowsListView.swift in Sources */,
				849CAB73293C2FC70024BF1B /* ActivityIndicator.swift in Sources */,
				849CABAE293F670A0024BF1B /* BiometricHelper.swift in Sources */,
				849CABA9293ED97E0024BF1B /* FavoriteButton.swift in Sources */,
				849CAB94293E698C0024BF1B /* PasscodeField.swift in Sources */,
				849CAB71293C2D330024BF1B /* ErrorView.swift in Sources */,
				849CAB6C293C28E70024BF1B /* SearchField.swift in Sources */,
				849CAB7D293C340A0024BF1B /* SearchView.swift in Sources */,
				849CAB88293CCB0E0024BF1B /* FavoritesView.swift in Sources */,
				849CABBE293F6E910024BF1B /* ValetKeys.swift in Sources */,
				849CAB66293C1A380024BF1B /* ShowRepository.swift in Sources */,
				849CABA7293ED6A40024BF1B /* FavoritesViewModel.swift in Sources */,
				849CAB68293C1C9D0024BF1B /* APIService.swift in Sources */,
				849CAB8A293CCDD80024BF1B /* ShowDetailView.swift in Sources */,
				849CABB7293F67600024BF1B /* BiometricToggleView.swift in Sources */,
				849CABA5293ED1DE0024BF1B /* Model+Extension.swift in Sources */,
				849CAB90293CCE6E0024BF1B /* EpisodeDetailViewModel.swift in Sources */,
			);
			runOnlyForDeploymentPostprocessing = 0;
		};
		849CAB20293AED400024BF1B /* Sources */ = {
			isa = PBXSourcesBuildPhase;
			buildActionMask = 2147483647;
			files = (
				849CAB47293B80E30024BF1B /* EndpointTests.swift in Sources */,
				849CAB48293B810C0024BF1B /* URLSession+Request.swift in Sources */,
				849CAB5D293B87430024BF1B /* EndpointRequestTests.swift in Sources */,
				849CAB29293AED400024BF1B /* FitzTVTests.swift in Sources */,
				849CAB57293B865E0024BF1B /* MockedRequestData.swift in Sources */,
				849CAB52293B85B30024BF1B /* Models.swift in Sources */,
			);
			runOnlyForDeploymentPostprocessing = 0;
		};
		849CAB2A293AED400024BF1B /* Sources */ = {
			isa = PBXSourcesBuildPhase;
			buildActionMask = 2147483647;
			files = (
				849CAB33293AED400024BF1B /* FitzTVUITests.swift in Sources */,
				849CAB35293AED400024BF1B /* FitzTVUITestsLaunchTests.swift in Sources */,
			);
			runOnlyForDeploymentPostprocessing = 0;
		};
/* End PBXSourcesBuildPhase section */

/* Begin PBXTargetDependency section */
		849CAB26293AED400024BF1B /* PBXTargetDependency */ = {
			isa = PBXTargetDependency;
			target = 849CAB13293AED400024BF1B /* FitzTV */;
			targetProxy = 849CAB25293AED400024BF1B /* PBXContainerItemProxy */;
		};
		849CAB30293AED400024BF1B /* PBXTargetDependency */ = {
			isa = PBXTargetDependency;
			target = 849CAB13293AED400024BF1B /* FitzTV */;
			targetProxy = 849CAB2F293AED400024BF1B /* PBXContainerItemProxy */;
		};
/* End PBXTargetDependency section */

/* Begin XCBuildConfiguration section */
		849CAB36293AED400024BF1B /* Debug */ = {
			isa = XCBuildConfiguration;
			buildSettings = {
				ALWAYS_SEARCH_USER_PATHS = NO;
				CLANG_ANALYZER_NONNULL = YES;
				CLANG_ANALYZER_NUMBER_OBJECT_CONVERSION = YES_AGGRESSIVE;
				CLANG_CXX_LANGUAGE_STANDARD = "gnu++20";
				CLANG_ENABLE_MODULES = YES;
				CLANG_ENABLE_OBJC_ARC = YES;
				CLANG_ENABLE_OBJC_WEAK = YES;
				CLANG_WARN_BLOCK_CAPTURE_AUTORELEASING = YES;
				CLANG_WARN_BOOL_CONVERSION = YES;
				CLANG_WARN_COMMA = YES;
				CLANG_WARN_CONSTANT_CONVERSION = YES;
				CLANG_WARN_DEPRECATED_OBJC_IMPLEMENTATIONS = YES;
				CLANG_WARN_DIRECT_OBJC_ISA_USAGE = YES_ERROR;
				CLANG_WARN_DOCUMENTATION_COMMENTS = YES;
				CLANG_WARN_EMPTY_BODY = YES;
				CLANG_WARN_ENUM_CONVERSION = YES;
				CLANG_WARN_INFINITE_RECURSION = YES;
				CLANG_WARN_INT_CONVERSION = YES;
				CLANG_WARN_NON_LITERAL_NULL_CONVERSION = YES;
				CLANG_WARN_OBJC_IMPLICIT_RETAIN_SELF = YES;
				CLANG_WARN_OBJC_LITERAL_CONVERSION = YES;
				CLANG_WARN_OBJC_ROOT_CLASS = YES_ERROR;
				CLANG_WARN_QUOTED_INCLUDE_IN_FRAMEWORK_HEADER = YES;
				CLANG_WARN_RANGE_LOOP_ANALYSIS = YES;
				CLANG_WARN_STRICT_PROTOTYPES = YES;
				CLANG_WARN_SUSPICIOUS_MOVE = YES;
				CLANG_WARN_UNGUARDED_AVAILABILITY = YES_AGGRESSIVE;
				CLANG_WARN_UNREACHABLE_CODE = YES;
				CLANG_WARN__DUPLICATE_METHOD_MATCH = YES;
				COPY_PHASE_STRIP = NO;
				DEBUG_INFORMATION_FORMAT = dwarf;
				ENABLE_STRICT_OBJC_MSGSEND = YES;
				ENABLE_TESTABILITY = YES;
				GCC_C_LANGUAGE_STANDARD = gnu11;
				GCC_DYNAMIC_NO_PIC = NO;
				GCC_NO_COMMON_BLOCKS = YES;
				GCC_OPTIMIZATION_LEVEL = 0;
				GCC_PREPROCESSOR_DEFINITIONS = (
					"DEBUG=1",
					"$(inherited)",
				);
				GCC_WARN_64_TO_32_BIT_CONVERSION = YES;
				GCC_WARN_ABOUT_RETURN_TYPE = YES_ERROR;
				GCC_WARN_UNDECLARED_SELECTOR = YES;
				GCC_WARN_UNINITIALIZED_AUTOS = YES_AGGRESSIVE;
				GCC_WARN_UNUSED_FUNCTION = YES;
				GCC_WARN_UNUSED_VARIABLE = YES;
				IPHONEOS_DEPLOYMENT_TARGET = 16.0;
				MTL_ENABLE_DEBUG_INFO = INCLUDE_SOURCE;
				MTL_FAST_MATH = YES;
				ONLY_ACTIVE_ARCH = YES;
				SDKROOT = iphoneos;
				SWIFT_ACTIVE_COMPILATION_CONDITIONS = DEBUG;
				SWIFT_OPTIMIZATION_LEVEL = "-Onone";
			};
			name = Debug;
		};
		849CAB37293AED400024BF1B /* Release */ = {
			isa = XCBuildConfiguration;
			buildSettings = {
				ALWAYS_SEARCH_USER_PATHS = NO;
				CLANG_ANALYZER_NONNULL = YES;
				CLANG_ANALYZER_NUMBER_OBJECT_CONVERSION = YES_AGGRESSIVE;
				CLANG_CXX_LANGUAGE_STANDARD = "gnu++20";
				CLANG_ENABLE_MODULES = YES;
				CLANG_ENABLE_OBJC_ARC = YES;
				CLANG_ENABLE_OBJC_WEAK = YES;
				CLANG_WARN_BLOCK_CAPTURE_AUTORELEASING = YES;
				CLANG_WARN_BOOL_CONVERSION = YES;
				CLANG_WARN_COMMA = YES;
				CLANG_WARN_CONSTANT_CONVERSION = YES;
				CLANG_WARN_DEPRECATED_OBJC_IMPLEMENTATIONS = YES;
				CLANG_WARN_DIRECT_OBJC_ISA_USAGE = YES_ERROR;
				CLANG_WARN_DOCUMENTATION_COMMENTS = YES;
				CLANG_WARN_EMPTY_BODY = YES;
				CLANG_WARN_ENUM_CONVERSION = YES;
				CLANG_WARN_INFINITE_RECURSION = YES;
				CLANG_WARN_INT_CONVERSION = YES;
				CLANG_WARN_NON_LITERAL_NULL_CONVERSION = YES;
				CLANG_WARN_OBJC_IMPLICIT_RETAIN_SELF = YES;
				CLANG_WARN_OBJC_LITERAL_CONVERSION = YES;
				CLANG_WARN_OBJC_ROOT_CLASS = YES_ERROR;
				CLANG_WARN_QUOTED_INCLUDE_IN_FRAMEWORK_HEADER = YES;
				CLANG_WARN_RANGE_LOOP_ANALYSIS = YES;
				CLANG_WARN_STRICT_PROTOTYPES = YES;
				CLANG_WARN_SUSPICIOUS_MOVE = YES;
				CLANG_WARN_UNGUARDED_AVAILABILITY = YES_AGGRESSIVE;
				CLANG_WARN_UNREACHABLE_CODE = YES;
				CLANG_WARN__DUPLICATE_METHOD_MATCH = YES;
				COPY_PHASE_STRIP = NO;
				DEBUG_INFORMATION_FORMAT = "dwarf-with-dsym";
				ENABLE_NS_ASSERTIONS = NO;
				ENABLE_STRICT_OBJC_MSGSEND = YES;
				GCC_C_LANGUAGE_STANDARD = gnu11;
				GCC_NO_COMMON_BLOCKS = YES;
				GCC_WARN_64_TO_32_BIT_CONVERSION = YES;
				GCC_WARN_ABOUT_RETURN_TYPE = YES_ERROR;
				GCC_WARN_UNDECLARED_SELECTOR = YES;
				GCC_WARN_UNINITIALIZED_AUTOS = YES_AGGRESSIVE;
				GCC_WARN_UNUSED_FUNCTION = YES;
				GCC_WARN_UNUSED_VARIABLE = YES;
				IPHONEOS_DEPLOYMENT_TARGET = 16.0;
				MTL_ENABLE_DEBUG_INFO = NO;
				MTL_FAST_MATH = YES;
				SDKROOT = iphoneos;
				SWIFT_COMPILATION_MODE = wholemodule;
				SWIFT_OPTIMIZATION_LEVEL = "-O";
				VALIDATE_PRODUCT = YES;
			};
			name = Release;
		};
		849CAB39293AED400024BF1B /* Debug */ = {
			isa = XCBuildConfiguration;
			buildSettings = {
				ASSETCATALOG_COMPILER_APPICON_NAME = AppIcon;
				ASSETCATALOG_COMPILER_GLOBAL_ACCENT_COLOR_NAME = AccentColor;
				CODE_SIGN_STYLE = Automatic;
				CURRENT_PROJECT_VERSION = 1;
				DEVELOPMENT_ASSET_PATHS = "\"FitzTV/Preview Content\"";
				DEVELOPMENT_TEAM = 97XB8J435J;
				ENABLE_PREVIEWS = YES;
				ENABLE_TESTING_SEARCH_PATHS = YES;
				GENERATE_INFOPLIST_FILE = YES;
				INFOPLIST_FILE = FitzTV/Info.plist;
				INFOPLIST_KEY_NSFaceIDUsageDescription = "You will use your face and or fingerprint to safely unlock your FitzTV app";
				INFOPLIST_KEY_UIApplicationSupportsIndirectInputEvents = YES;
				INFOPLIST_KEY_UILaunchScreen_Generation = YES;
				INFOPLIST_KEY_UISupportedInterfaceOrientations_iPad = "UIInterfaceOrientationPortrait UIInterfaceOrientationPortraitUpsideDown UIInterfaceOrientationLandscapeLeft UIInterfaceOrientationLandscapeRight";
				INFOPLIST_KEY_UISupportedInterfaceOrientations_iPhone = "UIInterfaceOrientationPortrait UIInterfaceOrientationLandscapeLeft UIInterfaceOrientationLandscapeRight";
				LD_RUNPATH_SEARCH_PATHS = (
					"$(inherited)",
					"@executable_path/Frameworks",
				);
				MARKETING_VERSION = 1.0;
				PRODUCT_BUNDLE_IDENTIFIER = fitzafful.FitzTV;
				PRODUCT_NAME = "$(TARGET_NAME)";
				SWIFT_EMIT_LOC_STRINGS = YES;
				SWIFT_VERSION = 5.0;
				TARGETED_DEVICE_FAMILY = "1,2";
			};
			name = Debug;
		};
		849CAB3A293AED400024BF1B /* Release */ = {
			isa = XCBuildConfiguration;
			buildSettings = {
				ASSETCATALOG_COMPILER_APPICON_NAME = AppIcon;
				ASSETCATALOG_COMPILER_GLOBAL_ACCENT_COLOR_NAME = AccentColor;
				CODE_SIGN_STYLE = Automatic;
				CURRENT_PROJECT_VERSION = 1;
				DEVELOPMENT_ASSET_PATHS = "\"FitzTV/Preview Content\"";
				DEVELOPMENT_TEAM = 97XB8J435J;
				ENABLE_PREVIEWS = YES;
				ENABLE_TESTING_SEARCH_PATHS = YES;
				GENERATE_INFOPLIST_FILE = YES;
				INFOPLIST_FILE = FitzTV/Info.plist;
				INFOPLIST_KEY_NSFaceIDUsageDescription = "You will use your face and or fingerprint to safely unlock your FitzTV app";
				INFOPLIST_KEY_UIApplicationSupportsIndirectInputEvents = YES;
				INFOPLIST_KEY_UILaunchScreen_Generation = YES;
				INFOPLIST_KEY_UISupportedInterfaceOrientations_iPad = "UIInterfaceOrientationPortrait UIInterfaceOrientationPortraitUpsideDown UIInterfaceOrientationLandscapeLeft UIInterfaceOrientationLandscapeRight";
				INFOPLIST_KEY_UISupportedInterfaceOrientations_iPhone = "UIInterfaceOrientationPortrait UIInterfaceOrientationLandscapeLeft UIInterfaceOrientationLandscapeRight";
				LD_RUNPATH_SEARCH_PATHS = (
					"$(inherited)",
					"@executable_path/Frameworks",
				);
				MARKETING_VERSION = 1.0;
				PRODUCT_BUNDLE_IDENTIFIER = fitzafful.FitzTV;
				PRODUCT_NAME = "$(TARGET_NAME)";
				SWIFT_EMIT_LOC_STRINGS = YES;
				SWIFT_VERSION = 5.0;
				TARGETED_DEVICE_FAMILY = "1,2";
			};
			name = Release;
		};
		849CAB3C293AED400024BF1B /* Debug */ = {
			isa = XCBuildConfiguration;
			buildSettings = {
				ALWAYS_EMBED_SWIFT_STANDARD_LIBRARIES = YES;
				BUNDLE_LOADER = "$(TEST_HOST)";
				CODE_SIGN_STYLE = Automatic;
				CURRENT_PROJECT_VERSION = 1;
				DEVELOPMENT_TEAM = 97XB8J435J;
				GENERATE_INFOPLIST_FILE = YES;
				IPHONEOS_DEPLOYMENT_TARGET = 16.0;
				MARKETING_VERSION = 1.0;
				PRODUCT_BUNDLE_IDENTIFIER = fitzafful.FitzTVTests;
				PRODUCT_NAME = "$(TARGET_NAME)";
				SWIFT_EMIT_LOC_STRINGS = NO;
				SWIFT_VERSION = 5.0;
				TARGETED_DEVICE_FAMILY = "1,2";
				TEST_HOST = "$(BUILT_PRODUCTS_DIR)/FitzTV.app/$(BUNDLE_EXECUTABLE_FOLDER_PATH)/FitzTV";
			};
			name = Debug;
		};
		849CAB3D293AED400024BF1B /* Release */ = {
			isa = XCBuildConfiguration;
			buildSettings = {
				ALWAYS_EMBED_SWIFT_STANDARD_LIBRARIES = YES;
				BUNDLE_LOADER = "$(TEST_HOST)";
				CODE_SIGN_STYLE = Automatic;
				CURRENT_PROJECT_VERSION = 1;
				DEVELOPMENT_TEAM = 97XB8J435J;
				GENERATE_INFOPLIST_FILE = YES;
				IPHONEOS_DEPLOYMENT_TARGET = 16.0;
				MARKETING_VERSION = 1.0;
				PRODUCT_BUNDLE_IDENTIFIER = fitzafful.FitzTVTests;
				PRODUCT_NAME = "$(TARGET_NAME)";
				SWIFT_EMIT_LOC_STRINGS = NO;
				SWIFT_VERSION = 5.0;
				TARGETED_DEVICE_FAMILY = "1,2";
				TEST_HOST = "$(BUILT_PRODUCTS_DIR)/FitzTV.app/$(BUNDLE_EXECUTABLE_FOLDER_PATH)/FitzTV";
			};
			name = Release;
		};
		849CAB3F293AED400024BF1B /* Debug */ = {
			isa = XCBuildConfiguration;
			buildSettings = {
				ALWAYS_EMBED_SWIFT_STANDARD_LIBRARIES = YES;
				CODE_SIGN_STYLE = Automatic;
				CURRENT_PROJECT_VERSION = 1;
				DEVELOPMENT_TEAM = 97XB8J435J;
				GENERATE_INFOPLIST_FILE = YES;
				MARKETING_VERSION = 1.0;
				PRODUCT_BUNDLE_IDENTIFIER = fitzafful.FitzTVUITests;
				PRODUCT_NAME = "$(TARGET_NAME)";
				SWIFT_EMIT_LOC_STRINGS = NO;
				SWIFT_VERSION = 5.0;
				TARGETED_DEVICE_FAMILY = "1,2";
				TEST_TARGET_NAME = FitzTV;
			};
			name = Debug;
		};
		849CAB40293AED400024BF1B /* Release */ = {
			isa = XCBuildConfiguration;
			buildSettings = {
				ALWAYS_EMBED_SWIFT_STANDARD_LIBRARIES = YES;
				CODE_SIGN_STYLE = Automatic;
				CURRENT_PROJECT_VERSION = 1;
				DEVELOPMENT_TEAM = 97XB8J435J;
				GENERATE_INFOPLIST_FILE = YES;
				MARKETING_VERSION = 1.0;
				PRODUCT_BUNDLE_IDENTIFIER = fitzafful.FitzTVUITests;
				PRODUCT_NAME = "$(TARGET_NAME)";
				SWIFT_EMIT_LOC_STRINGS = NO;
				SWIFT_VERSION = 5.0;
				TARGETED_DEVICE_FAMILY = "1,2";
				TEST_TARGET_NAME = FitzTV;
			};
			name = Release;
		};
/* End XCBuildConfiguration section */

/* Begin XCConfigurationList section */
		849CAB0F293AED400024BF1B /* Build configuration list for PBXProject "FitzTV" */ = {
			isa = XCConfigurationList;
			buildConfigurations = (
				849CAB36293AED400024BF1B /* Debug */,
				849CAB37293AED400024BF1B /* Release */,
			);
			defaultConfigurationIsVisible = 0;
			defaultConfigurationName = Release;
		};
		849CAB38293AED400024BF1B /* Build configuration list for PBXNativeTarget "FitzTV" */ = {
			isa = XCConfigurationList;
			buildConfigurations = (
				849CAB39293AED400024BF1B /* Debug */,
				849CAB3A293AED400024BF1B /* Release */,
			);
			defaultConfigurationIsVisible = 0;
			defaultConfigurationName = Release;
		};
		849CAB3B293AED400024BF1B /* Build configuration list for PBXNativeTarget "FitzTVTests" */ = {
			isa = XCConfigurationList;
			buildConfigurations = (
				849CAB3C293AED400024BF1B /* Debug */,
				849CAB3D293AED400024BF1B /* Release */,
			);
			defaultConfigurationIsVisible = 0;
			defaultConfigurationName = Release;
		};
		849CAB3E293AED400024BF1B /* Build configuration list for PBXNativeTarget "FitzTVUITests" */ = {
			isa = XCConfigurationList;
			buildConfigurations = (
				849CAB3F293AED400024BF1B /* Debug */,
				849CAB40293AED400024BF1B /* Release */,
			);
			defaultConfigurationIsVisible = 0;
			defaultConfigurationName = Release;
		};
/* End XCConfigurationList section */

/* Begin XCRemoteSwiftPackageReference section */
		849CAB53293B864C0024BF1B /* XCRemoteSwiftPackageReference "Mocker" */ = {
			isa = XCRemoteSwiftPackageReference;
			repositoryURL = "https://github.com/WeTransfer/Mocker";
			requirement = {
				kind = upToNextMajorVersion;
				minimumVersion = 3.0.0;
			};
		};
		849CAB7E293C37C70024BF1B /* XCRemoteSwiftPackageReference "Nuke" */ = {
			isa = XCRemoteSwiftPackageReference;
			repositoryURL = "https://github.com/kean/Nuke";
			requirement = {
				kind = upToNextMajorVersion;
				minimumVersion = 11.0.0;
			};
		};
		849CAB95293EC0720024BF1B /* XCRemoteSwiftPackageReference "realm-swift" */ = {
			isa = XCRemoteSwiftPackageReference;
			repositoryURL = "https://github.com/realm/realm-swift";
			requirement = {
				branch = master;
				kind = branch;
			};
		};
		849CABBA293F6E120024BF1B /* XCRemoteSwiftPackageReference "Valet" */ = {
			isa = XCRemoteSwiftPackageReference;
			repositoryURL = "https://github.com/Square/Valet";
			requirement = {
				branch = master;
				kind = branch;
			};
		};
/* End XCRemoteSwiftPackageReference section */

/* Begin XCSwiftPackageProductDependency section */
		849CAB54293B864C0024BF1B /* Mocker */ = {
			isa = XCSwiftPackageProductDependency;
			package = 849CAB53293B864C0024BF1B /* XCRemoteSwiftPackageReference "Mocker" */;
			productName = Mocker;
		};
		849CAB7F293C37C70024BF1B /* Nuke */ = {
			isa = XCSwiftPackageProductDependency;
			package = 849CAB7E293C37C70024BF1B /* XCRemoteSwiftPackageReference "Nuke" */;
			productName = Nuke;
		};
		849CAB81293C37C70024BF1B /* NukeUI */ = {
			isa = XCSwiftPackageProductDependency;
			package = 849CAB7E293C37C70024BF1B /* XCRemoteSwiftPackageReference "Nuke" */;
			productName = NukeUI;
		};
		849CAB96293EC0720024BF1B /* Realm */ = {
			isa = XCSwiftPackageProductDependency;
			package = 849CAB95293EC0720024BF1B /* XCRemoteSwiftPackageReference "realm-swift" */;
			productName = Realm;
		};
		849CAB98293EC0720024BF1B /* RealmSwift */ = {
			isa = XCSwiftPackageProductDependency;
			package = 849CAB95293EC0720024BF1B /* XCRemoteSwiftPackageReference "realm-swift" */;
			productName = RealmSwift;
		};
		849CABBB293F6E120024BF1B /* Valet */ = {
			isa = XCSwiftPackageProductDependency;
			package = 849CABBA293F6E120024BF1B /* XCRemoteSwiftPackageReference "Valet" */;
			productName = Valet;
		};
/* End XCSwiftPackageProductDependency section */
	};
	rootObject = 849CAB0C293AED400024BF1B /* Project object */;
}
